
Microsoft Visual Studio Solution File, Format Version 12.00
# Visual Studio Version 16
VisualStudioVersion = 16.0.30413.136
MinimumVisualStudioVersion = 10.0.40219.1
Project("{9A19103F-16F7-4668-BE54-9A1E7A4F7556}") = "Week2Queue", "Week2Queue\Week2Queue.csproj", "{AE6FF4DE-4493-45C4-AD1F-77EC02A51A33}"
EndProject
Project("{FAE04EC0-301F-11D3-BF4B-00C04F79EFBC}") = "Week2Queue.Core", "Week2Queue.Core\Week2Queue.Core.csproj", "{2F91C376-C08D-42E3-89B5-0401214D975E}"
EndProject
Project("{FAE04EC0-301F-11D3-BF4B-00C04F79EFBC}") = "Week2Queue.Infrastructure", "Week2Queue.Infrastructure\Week2Queue.Infrastructure.csproj", "{05AC2AFC-6CBB-451E-B703-5A4C65321A32}"
EndProject
Global
	GlobalSection(SolutionConfigurationPlatforms) = preSolution
		Debug|Any CPU = Debug|Any CPU
		Release|Any CPU = Release|Any CPU
	EndGlobalSection
	GlobalSection(ProjectConfigurationPlatforms) = postSolution
		{AE6FF4DE-4493-45C4-AD1F-77EC02A51A33}.Debug|Any CPU.ActiveCfg = Debug|Any CPU
		{AE6FF4DE-4493-45C4-AD1F-77EC02A51A33}.Debug|Any CPU.Build.0 = Debug|Any CPU
		{AE6FF4DE-4493-45C4-AD1F-77EC02A51A33}.Release|Any CPU.ActiveCfg = Release|Any CPU
		{AE6FF4DE-4493-45C4-AD1F-77EC02A51A33}.Release|Any CPU.Build.0 = Release|Any CPU
		{2F91C376-C08D-42E3-89B5-0401214D975E}.Debug|Any CPU.ActiveCfg = Debug|Any CPU
		{2F91C376-C08D-42E3-89B5-0401214D975E}.Debug|Any CPU.Build.0 = Debug|Any CPU
		{2F91C376-C08D-42E3-89B5-0401214D975E}.Release|Any CPU.ActiveCfg = Release|Any CPU
		{2F91C376-C08D-42E3-89B5-0401214D975E}.Release|Any CPU.Build.0 = Release|Any CPU
		{05AC2AFC-6CBB-451E-B703-5A4C65321A32}.Debug|Any CPU.ActiveCfg = Debug|Any CPU
		{05AC2AFC-6CBB-451E-B703-5A4C65321A32}.Debug|Any CPU.Build.0 = Debug|Any CPU
		{05AC2AFC-6CBB-451E-B703-5A4C65321A32}.Release|Any CPU.ActiveCfg = Release|Any CPU
		{05AC2AFC-6CBB-451E-B703-5A4C65321A32}.Release|Any CPU.Build.0 = Release|Any CPU
	EndGlobalSection
	GlobalSection(SolutionProperties) = preSolution
		HideSolutionNode = FALSE
	EndGlobalSection
	GlobalSection(ExtensibilityGlobals) = postSolution
		SolutionGuid = {7A292846-59D1-45CA-9440-201BB7B5F90B}
	EndGlobalSection
EndGlobal
